
Microsoft Visual Studio Solution File, Format Version 10.00
# Visual Studio 2008
Project("{FAE04EC0-301F-11D3-BF4B-00C04F79EFBC}") = "Game", "Game\Game.csproj", "{7FBA6D60-865A-4EAE-9826-9AE118606281}"
EndProject
Global
	GlobalSection(SolutionConfigurationPlatforms) = preSolution
		Debug|Any CPU = Debug|Any CPU
		Release|Any CPU = Release|Any CPU
	EndGlobalSection
	GlobalSection(ProjectConfigurationPlatforms) = postSolution
		{7FBA6D60-865A-4EAE-9826-9AE118606281}.Debug|Any CPU.ActiveCfg = Debug|Any CPU
		{7FBA6D60-865A-4EAE-9826-9AE118606281}.Debug|Any CPU.Build.0 = Debug|Any CPU
		{7FBA6D60-865A-4EAE-9826-9AE118606281}.Release|Any CPU.ActiveCfg = Release|Any CPU
		{7FBA6D60-865A-4EAE-9826-9AE118606281}.Release|Any CPU.Build.0 = Release|Any CPU
	EndGlobalSection
	GlobalSection(SolutionProperties) = preSolution
		HideSolutionNode = FALSE
	EndGlobalSection
EndGlobal
